{
  "name": "angular-sparql-service",
  "version": "1.5.0",
  "lockfileVersion": 1,
  "requires": true,
  "dependencies": {
    "@types/angular": {
      "version": "1.6.18"
    },
    "@types/angular-mocks": {
      "version": "1.5.9"
    },
    "@types/babel-core": {
      "version": "6.7.14"
    },
    "@types/babel-template": {
      "version": "6.7.14"
    },
    "@types/babel-traverse": {
      "version": "6.7.17"
    },
    "@types/babel-types": {
      "version": "6.7.16"
    },
    "@types/babylon": {
      "version": "6.16.1"
    },
    "@types/jest": {
      "version": "19.2.4"
    },
    "@types/jquery": {
      "version": "2.0.46"
    },
    "abab": {
      "version": "1.0.3"
    },
    "abbrev": {
      "version": "1.1.0"
    },
    "acorn": {
      "version": "5.0.3"
    },
    "acorn-dynamic-import": {
      "version": "2.0.2",
      "requires": {
        "acorn": "4.0.13"
      }
    },
    "acorn-globals": {
      "version": "3.1.0",
      "requires": {
        "acorn": "4.0.13"
      }
    },
    "ajv": {
      "version": "4.11.8"
    },
    "ajv-keywords": {
      "version": "1.5.1"
    },
    "align-text": {
      "version": "0.1.4"
    },
    "alter": {
      "version": "0.2.0"
    },
    "amdefine": {
      "version": "1.0.1"
    },
    "angular": {
      "version": "1.6.4"
    },
    "angular-mocks": {
      "version": "1.5.9"
    },
    "ansi-escapes": {
      "version": "1.4.0"
    },
    "ansi-regex": {
      "version": "2.1.1"
    },
    "ansi-styles": {
      "version": "2.2.1"
    },
    "ansicolors": {
      "version": "0.2.1"
    },
    "anymatch": {
      "version": "1.3.0"
    },
    "append-transform": {
      "version": "0.4.0"
    },
    "aproba": {
      "version": "1.1.1"
    },
    "are-we-there-yet": {
      "version": "1.1.2",
      "requires": {
        "readable-stream": "2.2.11",
        "safe-buffer": "5.0.1",
        "string_decoder": "1.0.2"
      }
    },
    "argparse": {
      "version": "1.0.9"
    },
    "arr-diff": {
      "version": "2.0.0"
    },
    "arr-flatten": {
      "version": "1.0.1"
    },
    "array-equal": {
      "version": "1.0.0"
    },
    "array-unique": {
      "version": "0.2.1"
    },
    "arrify": {
      "version": "1.0.1"
    },
    "asn1": {
      "version": "0.2.3"
    },
    "asn1.js": {
      "version": "4.9.1"
    },
    "assert": {
      "version": "1.4.1"
    },
    "assert-plus": {
      "version": "0.2.0"
    },
    "async": {
      "version": "2.4.1"
    },
    "async-each": {
      "version": "1.0.1"
    },
    "asynckit": {
      "version": "0.4.0"
    },
    "aws-sign2": {
      "version": "0.6.0"
    },
    "aws4": {
      "version": "1.6.0"
    },
    "babel-code-frame": {
      "version": "6.22.0"
    },
    "babel-core": {
      "version": "6.25.0"
    },
    "babel-generator": {
      "version": "6.25.0"
    },
    "babel-helpers": {
      "version": "6.24.1"
    },
    "babel-jest": {
      "version": "20.0.3"
    },
    "babel-messages": {
      "version": "6.23.0"
    },
    "babel-plugin-istanbul": {
      "version": "4.1.4"
    },
    "babel-plugin-jest-hoist": {
      "version": "20.0.3"
    },
    "babel-plugin-transform-es2015-modules-commonjs": {
      "version": "6.24.1"
    },
    "babel-plugin-transform-strict-mode": {
      "version": "6.24.1"
    },
    "babel-preset-jest": {
      "version": "20.0.3"
    },
    "babel-register": {
      "version": "6.24.1"
    },
    "babel-runtime": {
      "version": "6.23.0"
    },
    "babel-template": {
      "version": "6.25.0"
    },
    "babel-traverse": {
      "version": "6.25.0",
      "requires": {
        "debug": "2.6.8",
        "ms": "2.0.0"
      }
    },
    "babel-types": {
      "version": "6.25.0"
    },
    "babylon": {
      "version": "6.17.3"
    },
    "balanced-match": {
      "version": "0.4.2"
    },
    "base64-js": {
      "version": "1.2.0"
    },
    "bcrypt-pbkdf": {
      "version": "1.0.1"
    },
    "big.js": {
      "version": "3.1.3"
    },
    "binary-extensions": {
      "version": "1.8.0"
    },
    "block-stream": {
      "version": "0.0.9"
    },
    "bn.js": {
      "version": "4.11.6"
    },
    "boom": {
      "version": "2.10.1"
    },
    "brace-expansion": {
      "version": "1.1.6"
    },
    "braces": {
      "version": "1.8.5"
    },
    "brorand": {
      "version": "1.1.0"
    },
    "browser-resolve": {
      "version": "1.11.2",
      "requires": {
        "deep": "1.2.3",
        "resolve": "1.1.7"
      }
    },
    "browserify-aes": {
      "version": "1.0.6"
    },
    "browserify-cipher": {
      "version": "1.0.0"
    },
    "browserify-des": {
      "version": "1.0.0"
    },
    "browserify-rsa": {
      "version": "4.0.1"
    },
    "browserify-sign": {
      "version": "4.0.4"
    },
    "browserify-zlib": {
      "version": "0.1.4"
    },
    "bser": {
      "version": "2.0.0"
    },
    "buffer": {
      "version": "4.9.1"
    },
    "buffer-shims": {
      "version": "1.0.0"
    },
    "buffer-xor": {
      "version": "1.0.3"
    },
    "builtin-modules": {
      "version": "1.1.1"
    },
    "builtin-status-codes": {
      "version": "3.0.0"
    },
    "callsites": {
      "version": "2.0.0"
    },
    "camelcase": {
      "version": "3.0.0"
    },
    "cardinal": {
      "version": "1.0.0"
    },
    "caseless": {
      "version": "0.11.0"
    },
    "center-align": {
      "version": "0.1.3"
    },
    "chalk": {
      "version": "1.1.3",
      "requires": {
        "supports-color": "2.0.0"
      }
    },
    "chokidar": {
      "version": "1.7.0"
    },
    "ci-info": {
      "version": "1.0.0"
    },
    "cipher-base": {
      "version": "1.0.3"
    },
    "cli-table": {
      "version": "0.3.1",
      "requires": {
        "colors": "1.0.3"
      }
    },
    "cli-usage": {
      "version": "0.1.4"
    },
    "cliui": {
      "version": "3.2.0"
    },
    "clone": {
      "version": "2.1.1"
    },
    "co": {
      "version": "4.6.0"
    },
    "code-point-at": {
      "version": "1.1.0"
    },
    "color-convert": {
      "version": "1.9.0"
    },
    "color-name": {
      "version": "1.1.2"
    },
    "colors": {
      "version": "1.1.2"
    },
    "combined-stream": {
      "version": "1.0.5"
    },
    "commander": {
      "version": "2.9.0"
    },
    "concat-map": {
      "version": "0.0.1"
    },
    "console-browserify": {
      "version": "1.1.0"
    },
    "console-control-strings": {
      "version": "1.1.0"
    },
    "constants-browserify": {
      "version": "1.0.0"
    },
    "content-type-parser": {
      "version": "1.0.1"
    },
    "convert-source-map": {
      "version": "1.1.3"
    },
    "core-js": {
      "version": "2.4.1"
    },
    "core-util-is": {
      "version": "1.0.2"
    },
    "create-ecdh": {
      "version": "4.0.0"
    },
    "create-hash": {
      "version": "1.1.3"
    },
    "create-hmac": {
      "version": "1.1.6"
    },
    "cross-spawn": {
      "version": "4.0.2"
    },
    "cryptiles": {
      "version": "2.0.5"
    },
    "crypto-browserify": {
      "version": "3.11.0"
    },
    "cssom": {
      "version": "0.3.2"
    },
    "cssstyle": {
      "version": "0.2.37"
    },
    "dashdash": {
      "version": "1.14.1",
      "requires": {
        "assert-plus": "1.0.0"
      }
    },
    "date-now": {
      "version": "0.1.4"
    },
    "debug": {
      "version": "2.2.0"
    },
    "decamelize": {
      "version": "1.2.0"
    },
    "deep-extend": {
      "version": "0.4.1"
    },
    "deep-is": {
      "version": "0.1.3"
    },
    "default-require-extensions": {
      "version": "1.0.0",
      "requires": {
        "strip-bom": "2.0.0"
      }
    },
    "delayed-stream": {
      "version": "1.0.0"
    },
    "delegates": {
      "version": "1.0.0"
    },
    "des.js": {
      "version": "1.0.0"
    },
    "detect-indent": {
      "version": "4.0.0"
    },
    "diff": {
      "version": "3.2.0"
    },
    "diffie-hellman": {
      "version": "5.0.2"
    },
    "domain-browser": {
      "version": "1.1.7"
    },
    "double-ended-queue": {
      "version": "2.1.0-0"
    },
    "ecc-jsbn": {
      "version": "0.1.1"
    },
    "elliptic": {
      "version": "6.4.0"
    },
    "emojis-list": {
      "version": "2.1.0"
    },
    "enhanced-resolve": {
      "version": "3.1.0"
    },
    "errno": {
      "version": "0.1.4"
    },
    "error-ex": {
      "version": "1.3.1"
    },
    "escape-string-regexp": {
      "version": "1.0.5"
    },
    "escodegen": {
      "version": "1.8.1",
      "requires": {
        "esprima": "2.7.3",
        "source-map": "0.2.0"
      }
    },
    "esprima": {
      "version": "3.1.3"
    },
    "estraverse": {
      "version": "1.9.3"
    },
    "esutils": {
      "version": "2.0.2"
    },
    "events": {
      "version": "1.1.1"
    },
    "evp_bytestokey": {
      "version": "1.0.0"
    },
    "exec-sh": {
      "version": "0.2.0"
    },
    "execa": {
      "version": "0.5.1"
    },
    "expand-brackets": {
      "version": "0.1.5"
    },
    "expand-range": {
      "version": "1.8.2"
    },
    "extend": {
      "version": "3.0.0"
    },
    "extglob": {
      "version": "0.3.2"
    },
    "extsprintf": {
      "version": "1.0.2"
    },
    "fast-levenshtein": {
      "version": "2.0.6"
    },
    "fb-watchman": {
      "version": "2.0.0"
    },
    "filename-regex": {
      "version": "2.0.0"
    },
    "fileset": {
      "version": "2.0.3"
    },
    "fill-range": {
      "version": "2.2.3"
    },
    "find-up": {
      "version": "2.1.0"
    },
    "for-in": {
      "version": "0.1.6"
    },
    "for-own": {
      "version": "0.1.4"
    },
    "forever-agent": {
      "version": "0.6.1"
    },
    "form-data": {
      "version": "2.1.2"
    },
    "fs-extra": {
      "version": "3.0.1"
    },
    "fs.realpath": {
      "version": "1.0.0"
    },
    "fsevents": {
      "version": "1.0.17",
      "requires": {
        "abbrev": "1.0.9",
        "ansi-regex": "2.0.0",
        "ansi-styles": "2.2.1",
        "aproba": "1.0.4",
        "are-we-there-yet": "1.1.2",
        "asn1": "0.2.3",
        "assert-plus": "0.2.0",
        "asynckit": "0.4.0",
        "aws-sign2": "0.6.0",
        "aws4": "1.5.0",
        "balanced-match": "0.4.2",
        "bcrypt-pbkdf": "1.0.0",
        "block-stream": "0.0.9",
        "boom": "2.10.1",
        "brace-expansion": "1.1.6",
        "buffer-shims": "1.0.0",
        "caseless": "0.11.0",
        "chalk": "1.1.3",
        "code-point-at": "1.1.0",
        "combined-stream": "1.0.5",
        "commander": "2.9.0",
        "concat-map": "0.0.1",
        "console-control-strings": "1.1.0",
        "core-util-is": "1.0.2",
        "cryptiles": "2.0.5",
        "dashdash": "1.14.1",
        "debug": "2.2.0",
        "deep-extend": "0.4.1",
        "delayed-stream": "1.0.0",
        "delegates": "1.0.0",
        "ecc-jsbn": "0.1.1",
        "escape-string-regexp": "1.0.5",
        "extend": "3.0.0",
        "extsprintf": "1.0.2",
        "forever-agent": "0.6.1",
        "form-data": "2.1.2",
        "fs.realpath": "1.0.0",
        "fstream": "1.0.10",
        "fstream-ignore": "1.0.5",
        "gauge": "2.7.2",
        "generate-function": "2.0.0",
        "generate-object-property": "1.2.0",
        "getpass": "0.1.6",
        "glob": "7.1.1",
        "graceful-fs": "4.1.11",
        "graceful-readlink": "1.0.1",
        "har-validator": "2.0.6",
        "has-ansi": "2.0.0",
        "has-unicode": "2.0.1",
        "hawk": "3.1.3",
        "hoek": "2.16.3",
        "http-signature": "1.1.1",
        "inflight": "1.0.6",
        "inherits": "2.0.3",
        "ini": "1.3.4",
        "is-fullwidth-code-point": "1.0.0",
        "is-my-json-valid": "2.15.0",
        "is-property": "1.0.2",
        "is-typedarray": "1.0.0",
        "isarray": "1.0.0",
        "isstream": "0.1.2",
        "jodid25519": "1.0.2",
        "jsbn": "0.1.0",
        "json-schema": "0.2.3",
        "json-stringify-safe": "5.0.1",
        "jsonpointer": "4.0.1",
        "jsprim": "1.3.1",
        "mime-db": "1.25.0",
        "mime-types": "2.1.13",
        "minimatch": "3.0.3",
        "minimist": "0.0.8",
        "mkdirp": "0.5.1",
        "ms": "0.7.1",
        "node-pre-gyp": "0.6.32",
        "nopt": "3.0.6",
        "npmlog": "4.0.2",
        "number-is-nan": "1.0.1",
        "oauth-sign": "0.8.2",
        "object-assign": "4.1.0",
        "once": "1.4.0",
        "path-is-absolute": "1.0.1",
        "pinkie": "2.0.4",
        "pinkie-promise": "2.0.1",
        "process-nextick-args": "1.0.7",
        "punycode": "1.4.1",
        "qs": "6.3.0",
        "rc": "1.1.6",
        "readable-stream": "2.2.2",
        "request": "2.79.0",
        "rimraf": "2.5.4",
        "semver": "5.3.0",
        "set-blocking": "2.0.0",
        "signal-exit": "3.0.2",
        "sntp": "1.0.9",
        "sshpk": "1.10.1",
        "string-width": "1.0.2",
        "string_decoder": "0.10.31",
        "stringstream": "0.0.5",
        "strip-ansi": "3.0.1",
        "strip-json-comments": "1.0.4",
        "supports-color": "0.2.0",
        "tar": "2.2.1",
        "tar-pack": "3.3.0",
        "tough-cookie": "2.3.2",
        "tunnel-agent": "0.4.3",
        "tweetnacl": "0.14.5",
        "uid-number": "0.0.6",
        "util-deprecate": "1.0.2",
        "uuid": "3.0.1",
        "verror": "1.3.6",
        "wide-align": "1.1.0",
        "wrappy": "1.0.2",
        "xtend": "4.0.1"
      },
      "dependencies": {
        "chalk": {
          "version": "1.1.3",
          "resolved": "https://registry.npmjs.org/chalk/-/chalk-1.1.3.tgz",
          "requires": {
            "supports-color": "2.0.0"
          }
        },
        "dashdash": {
          "version": "1.14.1",
          "resolved": "https://registry.npmjs.org/dashdash/-/dashdash-1.14.1.tgz",
          "requires": {
            "assert-plus": "1.0.0"
          }
        },
        "getpass": {
          "version": "0.1.6",
          "resolved": "https://registry.npmjs.org/getpass/-/getpass-0.1.6.tgz",
          "requires": {
            "assert-plus": "1.0.0"
          }
        },
        "rc": {
          "version": "1.1.6",
          "resolved": "https://registry.npmjs.org/rc/-/rc-1.1.6.tgz",
          "requires": {
            "minimist": "1.2.0"
          }
        },
        "sshpk": {
          "version": "1.10.1",
          "resolved": "https://registry.npmjs.org/sshpk/-/sshpk-1.10.1.tgz",
          "requires": {
            "assert-plus": "1.0.0"
          }
        },
        "tar-pack": {
          "version": "3.3.0",
          "resolved": "https://registry.npmjs.org/tar-pack/-/tar-pack-3.3.0.tgz",
          "requires": {
            "once": "1.3.3",
            "readable-stream": "2.1.5"
          }
        }
      }
    },
    "fstream": {
      "version": "1.0.10"
    },
    "fstream-ignore": {
      "version": "1.0.5"
    },
    "gauge": {
      "version": "2.7.3"
    },
    "generate-function": {
      "version": "2.0.0"
    },
    "generate-object-property": {
      "version": "1.2.0"
    },
    "get-caller-file": {
      "version": "1.0.2"
    },
    "get-stream": {
      "version": "2.3.1"
    },
    "getpass": {
      "version": "0.1.6",
      "requires": {
        "assert-plus": "1.0.0"
      }
    },
    "glob": {
      "version": "7.1.1"
    },
    "glob-base": {
      "version": "0.3.0"
    },
    "glob-parent": {
      "version": "2.0.0"
    },
    "globals": {
      "version": "9.18.0"
    },
    "graceful-fs": {
      "version": "4.1.11"
    },
    "graceful-readlink": {
      "version": "1.0.1"
    },
    "growly": {
      "version": "1.3.0"
    },
    "handlebars": {
      "version": "4.0.10",
      "requires": {
        "async": "1.5.2",
        "source-map": "0.4.4"
      }
    },
    "har-validator": {
      "version": "2.0.6"
    },
    "has-ansi": {
      "version": "2.0.0"
    },
    "has-flag": {
      "version": "1.0.0"
    },
    "has-unicode": {
      "version": "2.0.1"
    },
    "hash-base": {
      "version": "2.0.2"
    },
    "hash.js": {
      "version": "1.0.3"
    },
    "hawk": {
      "version": "3.1.3"
    },
    "hmac-drbg": {
      "version": "1.0.1"
    },
    "hoek": {
      "version": "2.16.3"
    },
    "home-or-tmp": {
      "version": "2.0.0"
    },
    "hosted-git-info": {
      "version": "2.4.2"
    },
    "html-encoding-sniffer": {
      "version": "1.0.1"
    },
    "http-signature": {
      "version": "1.1.1"
    },
    "https-browserify": {
      "version": "0.0.1"
    },
    "iconv-lite": {
      "version": "0.4.13"
    },
    "ieee754": {
      "version": "1.1.8"
    },
    "indexof": {
      "version": "0.0.1"
    },
    "inflight": {
      "version": "1.0.6"
    },
    "inherits": {
      "version": "2.0.3"
    },
    "ini": {
      "version": "1.3.4"
    },
    "interpret": {
      "version": "1.0.1"
    },
    "invariant": {
      "version": "2.2.2"
    },
    "invert-kv": {
      "version": "1.0.0"
    },
    "is-arrayish": {
      "version": "0.2.1"
    },
    "is-binary-path": {
      "version": "1.0.1"
    },
    "is-buffer": {
      "version": "1.1.4"
    },
    "is-builtin-module": {
      "version": "1.0.0"
    },
    "is-ci": {
      "version": "1.0.10"
    },
    "is-dotfile": {
      "version": "1.0.2"
    },
    "is-equal-shallow": {
      "version": "0.1.3"
    },
    "is-extendable": {
      "version": "0.1.1"
    },
    "is-extglob": {
      "version": "1.0.0"
    },
    "is-finite": {
      "version": "1.0.2"
    },
    "is-fullwidth-code-point": {
      "version": "1.0.0"
    },
    "is-glob": {
      "version": "2.0.1"
    },
    "is-my-json-valid": {
      "version": "2.15.0"
    },
    "is-number": {
      "version": "2.1.0"
    },
    "is-posix-bracket": {
      "version": "0.1.1"
    },
    "is-primitive": {
      "version": "2.0.0"
    },
    "is-property": {
      "version": "1.0.2"
    },
    "is-stream": {
      "version": "1.1.0"
    },
    "is-typedarray": {
      "version": "1.0.0"
    },
    "is-utf8": {
      "version": "0.2.1"
    },
    "isarray": {
      "version": "1.0.0"
    },
    "isexe": {
      "version": "2.0.0"
    },
    "isobject": {
      "version": "2.1.0"
    },
    "isstream": {
      "version": "0.1.2"
    },
    "istanbul-api": {
      "version": "1.1.9"
    },
    "istanbul-lib-coverage": {
      "version": "1.1.1"
    },
    "istanbul-lib-hook": {
      "version": "1.0.7"
    },
    "istanbul-lib-instrument": {
      "version": "1.7.2"
    },
    "istanbul-lib-report": {
      "version": "1.1.1"
    },
    "istanbul-lib-source-maps": {
      "version": "1.2.1",
      "requires": {
        "debug": "2.6.8",
        "ms": "2.0.0"
      }
    },
    "istanbul-reports": {
      "version": "1.1.1"
    },
    "jest": {
      "version": "20.0.4"
    },
    "jest-changed-files": {
      "version": "20.0.3"
    },
    "jest-cli": {
      "version": "20.0.4",
      "requires": {
        "node-notifier": "5.1.2",
        "yargs": "7.1.0",
        "yargs-parser": "5.0.0"
      }
    },
    "jest-config": {
      "version": "20.0.4"
    },
    "jest-diff": {
      "version": "20.0.3"
    },
    "jest-docblock": {
      "version": "20.0.3"
    },
    "jest-environment-jsdom": {
      "version": "20.0.3"
    },
    "jest-environment-node": {
      "version": "20.0.3"
    },
    "jest-haste-map": {
      "version": "20.0.4"
    },
    "jest-jasmine2": {
      "version": "20.0.4"
    },
    "jest-matcher-utils": {
      "version": "20.0.3"
    },
    "jest-matchers": {
      "version": "20.0.3"
    },
    "jest-message-util": {
      "version": "20.0.3"
    },
    "jest-mock": {
      "version": "20.0.3"
    },
    "jest-regex-util": {
      "version": "20.0.3"
    },
    "jest-resolve": {
      "version": "20.0.4"
    },
    "jest-resolve-dependencies": {
      "version": "20.0.3"
    },
    "jest-runtime": {
      "version": "20.0.4",
      "requires": {
        "convert-source-map": "1.5.0",
        "yargs": "7.1.0",
        "yargs-parser": "5.0.0"
      }
    },
    "jest-snapshot": {
      "version": "20.0.3"
    },
    "jest-util": {
      "version": "20.0.3"
    },
    "jest-validate": {
      "version": "20.0.3"
    },
    "jodid25519": {
      "version": "1.0.2"
    },
    "js-tokens": {
      "version": "3.0.1"
    },
    "js-yaml": {
      "version": "3.8.4"
    },
    "jsbn": {
      "version": "0.1.1"
    },
    "jsdom": {
      "version": "9.12.0",
      "requires": {
        "acorn": "4.0.13"
      }
    },
    "jsesc": {
      "version": "1.3.0"
    },
    "json-loader": {
      "version": "0.5.4"
    },
    "json-schema": {
      "version": "0.2.3"
    },
    "json-stable-stringify": {
      "version": "1.0.1"
    },
    "json-stringify-safe": {
      "version": "5.0.1"
    },
    "json5": {
      "version": "0.5.1"
    },
    "jsonfile": {
      "version": "3.0.0"
    },
    "jsonify": {
      "version": "0.0.0"
    },
    "jsonpointer": {
      "version": "4.0.1"
    },
    "jsprim": {
      "version": "1.3.1"
    },
    "kind-of": {
      "version": "3.1.0"
    },
    "lazy-cache": {
      "version": "1.0.4"
    },
    "lcid": {
      "version": "1.0.0"
    },
    "leven": {
      "version": "2.1.0"
    },
    "levn": {
      "version": "0.3.0"
    },
    "load-json-file": {
      "version": "1.1.0",
      "requires": {
        "strip-bom": "2.0.0"
      }
    },
    "loader-runner": {
      "version": "2.3.0"
    },
    "loader-utils": {
      "version": "1.1.0"
    },
    "locate-path": {
      "version": "2.0.0",
      "requires": {
        "path-exists": "3.0.0"
      }
    },
    "lodash": {
      "version": "4.17.4"
    },
    "lodash._arraycopy": {
      "version": "3.0.0"
    },
    "lodash._arrayeach": {
      "version": "3.0.0"
    },
    "lodash._baseassign": {
      "version": "3.2.0"
    },
    "lodash._baseclone": {
      "version": "3.3.0"
    },
    "lodash._basecopy": {
      "version": "3.0.1"
    },
    "lodash._basefor": {
      "version": "3.0.3"
    },
    "lodash._bindcallback": {
      "version": "3.0.1"
    },
    "lodash._getnative": {
      "version": "3.9.1"
    },
    "lodash.assign": {
      "version": "4.2.0"
    },
    "lodash.clonedeep": {
      "version": "3.0.2"
    },
    "lodash.isarguments": {
      "version": "3.1.0"
    },
    "lodash.isarray": {
      "version": "3.0.4"
    },
    "lodash.keys": {
      "version": "3.1.2"
    },
    "longest": {
      "version": "1.0.1"
    },
    "loose-envify": {
      "version": "1.3.1"
    },
    "lru-cache": {
      "version": "4.1.0"
    },
    "makeerror": {
      "version": "1.0.11"
    },
    "marked": {
      "version": "0.3.6"
    },
    "marked-terminal": {
      "version": "1.7.0"
    },
    "mem": {
      "version": "1.1.0"
    },
    "memory-fs": {
      "version": "0.4.1"
    },
    "merge": {
      "version": "1.2.0"
    },
    "micromatch": {
      "version": "2.3.11"
    },
    "miller-rabin": {
      "version": "4.0.0"
    },
    "mime-db": {
      "version": "1.26.0"
    },
    "mime-types": {
      "version": "2.1.14"
    },
    "mimic-fn": {
      "version": "1.1.0"
    },
    "minimalistic-assert": {
      "version": "1.0.0"
    },
    "minimalistic-crypto-utils": {
      "version": "1.0.1"
    },
    "minimatch": {
      "version": "3.0.3"
    },
    "minimist": {
      "version": "0.0.8"
    },
    "mkdirp": {
      "version": "0.5.1"
    },
    "ms": {
      "version": "0.7.1"
    },
    "nan": {
      "version": "2.5.1"
    },
    "natural-compare": {
      "version": "1.4.0"
    },
    "ng-annotate": {
      "version": "1.2.1",
      "requires": {
        "acorn": "2.6.4"
      }
    },
    "ng-annotate-loader": {
      "version": "0.6.1"
    },
    "node-emoji": {
      "version": "1.5.1"
    },
    "node-int64": {
      "version": "0.4.0"
    },
    "node-libs-browser": {
      "version": "2.0.0"
    },
    "node-notifier": {
      "version": "4.6.1",
      "requires": {
        "minimist": "1.2.0"
      }
    },
    "node-pre-gyp": {
      "version": "0.6.33",
      "requires": {
        "rimraf": "2.5.4"
      }
    },
    "nopt": {
      "version": "3.0.6"
    },
    "normalize-package-data": {
      "version": "2.3.8"
    },
    "normalize-path": {
      "version": "2.0.1"
    },
    "npm-run-path": {
      "version": "2.0.2"
    },
    "npmlog": {
      "version": "4.0.2"
    },
    "number-is-nan": {
      "version": "1.0.1"
    },
    "nwmatcher": {
      "version": "1.4.0"
    },
    "oauth-sign": {
      "version": "0.8.2"
    },
    "object-assign": {
      "version": "4.1.1"
    },
    "object.omit": {
      "version": "2.0.1"
    },
    "once": {
      "version": "1.4.0"
    },
    "optimist": {
      "version": "0.6.1"
    },
    "optionator": {
      "version": "0.8.2",
      "requires": {
        "wordwrap": "1.0.0"
      }
    },
    "ordered-ast-traverse": {
      "version": "1.1.1"
    },
    "ordered-esprima-props": {
      "version": "1.1.0"
    },
    "os-browserify": {
      "version": "0.2.1"
    },
    "os-homedir": {
      "version": "1.0.2"
    },
    "os-locale": {
      "version": "1.4.0"
    },
    "os-tmpdir": {
      "version": "1.0.2"
    },
    "p-finally": {
      "version": "1.0.0"
    },
    "p-limit": {
      "version": "1.1.0"
    },
    "p-locate": {
      "version": "2.0.0"
    },
    "p-map": {
      "version": "1.1.1"
    },
    "pako": {
      "version": "0.2.9"
    },
    "parse-asn1": {
      "version": "5.1.0"
    },
    "parse-glob": {
      "version": "3.0.4"
    },
    "parse-json": {
      "version": "2.2.0"
    },
    "parse5": {
      "version": "1.5.1"
    },
    "path-browserify": {
      "version": "0.0.0"
    },
    "path-exists": {
      "version": "2.1.0"
    },
    "path-is-absolute": {
      "version": "1.0.1"
    },
    "path-key": {
      "version": "2.0.1"
    },
    "path-parse": {
      "version": "1.0.5"
    },
    "path-type": {
      "version": "1.1.0"
    },
    "pbkdf2": {
      "version": "3.0.12"
    },
    "pify": {
      "version": "2.3.0"
    },
    "pinkie": {
      "version": "2.0.4"
    },
    "pinkie-promise": {
      "version": "2.0.1"
    },
    "pkg-dir": {
      "version": "2.0.0"
    },
    "prelude-ls": {
      "version": "1.1.2"
    },
    "preserve": {
      "version": "0.2.0"
    },
    "pretty-format": {
      "version": "20.0.3",
      "requires": {
        "ansi-styles": "3.0.0"
      }
    },
    "private": {
      "version": "0.1.7"
    },
    "process": {
      "version": "0.11.10"
    },
    "process-nextick-args": {
      "version": "1.0.7"
    },
    "prr": {
      "version": "0.0.0"
    },
    "pseudomap": {
      "version": "1.0.2"
    },
    "public-encrypt": {
      "version": "4.0.0"
    },
    "punycode": {
      "version": "1.4.1"
    },
    "qs": {
      "version": "6.3.1"
    },
    "querystring": {
      "version": "0.2.0"
    },
    "querystring-es3": {
      "version": "0.2.1"
    },
    "randomatic": {
      "version": "1.1.6"
    },
    "randombytes": {
      "version": "2.0.5"
    },
    "rc": {
      "version": "1.1.6",
      "requires": {
        "minimist": "1.2.0",
        "strip-json-comments": "1.0.4"
      }
    },
    "read-pkg": {
      "version": "1.1.0"
    },
    "read-pkg-up": {
      "version": "1.0.1",
      "requires": {
        "find-up": "1.1.2"
      }
    },
    "readable-stream": {
      "version": "2.2.2"
    },
    "readdirp": {
      "version": "2.1.0"
    },
    "redeyed": {
      "version": "1.0.1",
      "requires": {
        "esprima": "3.0.0"
      }
    },
    "regenerator-runtime": {
      "version": "0.10.5"
    },
    "regex-cache": {
      "version": "0.4.3"
    },
    "repeat-element": {
      "version": "1.1.2"
    },
    "repeat-string": {
      "version": "1.6.1"
    },
    "repeating": {
      "version": "2.0.1"
    },
    "request": {
      "version": "2.79.0"
    },
    "require-directory": {
      "version": "2.1.1"
    },
    "require-main-filename": {
      "version": "1.0.1"
    },
    "resolve": {
      "version": "1.3.3"
    },
    "right-align": {
      "version": "0.1.3"
    },
    "rimraf": {
      "version": "2.6.1"
    },
    "ripemd160": {
      "version": "2.0.1"
    },
    "safe-buffer": {
      "version": "5.1.0"
    },
    "sane": {
      "version": "1.6.0",
      "requires": {
        "bser": "1.0.2",
        "fb-watchman": "1.9.2",
        "minimist": "1.2.0"
      }
    },
    "sax": {
      "version": "1.2.2"
    },
    "semver": {
      "version": "5.3.0"
    },
    "set-blocking": {
      "version": "2.0.0"
    },
    "set-immediate-shim": {
      "version": "1.0.1"
    },
    "setimmediate": {
      "version": "1.0.5"
    },
    "sha.js": {
      "version": "2.4.8"
    },
    "shellwords": {
      "version": "0.1.0"
    },
    "signal-exit": {
      "version": "3.0.2"
    },
    "simple-fmt": {
      "version": "0.1.0"
    },
    "simple-is": {
      "version": "0.2.0"
    },
    "slash": {
      "version": "1.0.0"
    },
    "sntp": {
      "version": "1.0.9"
    },
    "source-list-map": {
      "version": "1.1.2"
    },
    "source-map": {
      "version": "0.5.6"
    },
    "source-map-support": {
      "version": "0.4.15"
    },
    "spdx-correct": {
      "version": "1.0.2"
    },
    "spdx-expression-parse": {
      "version": "1.0.4"
    },
    "spdx-license-ids": {
      "version": "1.2.2"
    },
    "sprintf-js": {
      "version": "1.0.3"
    },
    "sshpk": {
      "version": "1.10.2",
      "requires": {
        "assert-plus": "1.0.0"
      }
    },
    "stable": {
      "version": "0.1.6"
    },
    "stream-browserify": {
      "version": "2.0.1"
    },
    "stream-http": {
      "version": "2.7.1",
      "requires": {
        "readable-stream": "2.2.11",
        "safe-buffer": "5.0.1",
        "string_decoder": "1.0.2"
      }
    },
    "string-length": {
      "version": "1.0.1"
    },
    "string-width": {
      "version": "1.0.2"
    },
    "string.prototype.codepointat": {
      "version": "0.2.0"
    },
    "string_decoder": {
      "version": "0.10.31"
    },
    "stringmap": {
      "version": "0.2.2"
    },
    "stringset": {
      "version": "0.2.1"
    },
    "stringstream": {
      "version": "0.0.5"
    },
    "strip-ansi": {
      "version": "3.0.1"
    },
    "strip-bom": {
      "version": "3.0.0"
    },
    "strip-eof": {
      "version": "1.0.0"
    },
    "strip-json-comments": {
      "version": "2.0.1"
    },
    "supports-color": {
      "version": "3.2.3"
    },
    "symbol-tree": {
      "version": "3.2.2"
    },
    "tapable": {
      "version": "0.2.6"
    },
    "tar": {
      "version": "2.2.1"
    },
    "tar-pack": {
      "version": "3.3.0",
      "requires": {
        "once": "1.3.3",
        "readable-stream": "2.1.5",
        "rimraf": "2.5.4"
      }
    },
    "test-exclude": {
      "version": "4.1.1"
    },
    "throat": {
      "version": "3.1.0"
    },
    "timers-browserify": {
      "version": "2.0.2"
    },
    "tmpl": {
      "version": "1.0.4"
    },
    "to-arraybuffer": {
      "version": "1.0.1"
    },
    "to-fast-properties": {
      "version": "1.0.3"
    },
    "tough-cookie": {
      "version": "2.3.2"
    },
    "tr46": {
      "version": "0.0.3"
    },
    "trim-right": {
      "version": "1.0.1"
    },
    "tryor": {
      "version": "0.1.2"
    },
    "ts-jest": {
      "version": "20.0.6",
      "requires": {
        "camelcase": "4.1.0",
        "is-fullwidth-code-point": "2.0.0",
        "load-json-file": "2.0.0",
        "os-locale": "2.0.0",
        "path-type": "2.0.0",
        "read-pkg": "2.0.0",
        "read-pkg-up": "2.0.0",
        "string-width": "2.0.0",
        "which-module": "2.0.0",
        "yargs": "8.0.1",
        "yargs-parser": "7.0.0"
      }
    },
    "ts-loader": {
      "version": "2.1.0"
    },
    "tsconfig": {
      "version": "6.0.0"
    },
    "tty-browserify": {
      "version": "0.0.0"
    },
    "tunnel-agent": {
      "version": "0.4.3"
    },
    "tweetnacl": {
      "version": "0.14.5"
    },
    "type-check": {
      "version": "0.3.2"
    },
    "typescript": {
      "version": "2.2.1"
    },
    "uglify-js": {
      "version": "2.8.28",
      "requires": {
        "camelcase": "1.2.1",
        "cliui": "2.1.0",
        "wordwrap": "0.0.2",
        "yargs": "3.10.0"
      }
    },
    "uglify-to-browserify": {
      "version": "1.0.2"
    },
    "uid-number": {
      "version": "0.0.6"
    },
    "universalify": {
      "version": "0.1.0"
    },
    "url": {
      "version": "0.11.0",
      "requires": {
        "punycode": "1.3.2"
      }
    },
    "util": {
      "version": "0.10.3",
      "requires": {
        "inherits": "2.0.1"
      }
    },
    "util-deprecate": {
      "version": "1.0.2"
    },
    "uuid": {
      "version": "3.0.1"
    },
    "validate-npm-package-license": {
      "version": "3.0.1"
    },
    "verror": {
      "version": "1.3.6"
    },
    "vm-browserify": {
      "version": "0.0.4"
    },
    "walker": {
      "version": "1.0.7"
    },
    "watch": {
      "version": "0.10.0"
    },
    "watchpack": {
      "version": "1.3.1"
    },
    "webidl-conversions": {
      "version": "4.0.1"
    },
    "webpack": {
      "version": "2.6.1",
      "requires": {
        "loader-utils": "0.2.17"
      }
    },
    "webpack-build-notifier": {
      "version": "0.1.13"
    },
    "webpack-sources": {
      "version": "0.2.3"
    },
    "whatwg-encoding": {
      "version": "1.0.1"
    },
    "whatwg-url": {
      "version": "4.8.0",
      "requires": {
        "webidl-conversions": "3.0.1"
      }
    },
    "which": {
      "version": "1.2.14"
    },
    "which-module": {
      "version": "1.0.0"
    },
    "wide-align": {
      "version": "1.1.0"
    },
    "window-size": {
      "version": "0.1.0"
    },
    "wordwrap": {
      "version": "0.0.3"
    },
    "worker-farm": {
      "version": "1.3.1"
    },
    "wrap-ansi": {
      "version": "2.1.0"
    },
    "wrappy": {
      "version": "1.0.2"
    },
    "xml-name-validator": {
      "version": "2.0.1"
    },
    "xtend": {
      "version": "4.0.1"
    },
    "y18n": {
      "version": "3.2.1"
    },
    "yallist": {
      "version": "2.1.2"
    },
    "yargs": {
      "version": "6.6.0"
    },
    "yargs-parser": {
      "version": "4.2.1"
    }
  }
}
